
Microsoft Visual Studio Solution File, Format Version 12.00
# Visual Studio 15
Project("{FAE04EC0-301F-11D3-BF4B-00C04F79EFBC}") = "GoogleMobileAds", "GoogleMobileAds.csproj", "{6E23483E-608A-7B3A-CDD9-8E76C8E59601}"
EndProject
Project("{FAE04EC0-301F-11D3-BF4B-00C04F79EFBC}") = "Assembly-CSharp", "Assembly-CSharp.csproj", "{FDC3D848-7319-3EE9-72A3-72E67947CEE9}"
EndProject
Project("{FAE04EC0-301F-11D3-BF4B-00C04F79EFBC}") = "Assembly-CSharp-Editor", "Assembly-CSharp-Editor.csproj", "{B7E8FA38-787E-5DB7-3797-317BE6415C8C}"
EndProject
Project("{FAE04EC0-301F-11D3-BF4B-00C04F79EFBC}") = "GoogleMobileAds.Editor", "GoogleMobileAds.Editor.csproj", "{892A7A5A-714C-CA1F-EEBB-6E67F593B214}"
EndProject
Global
	GlobalSection(SolutionConfigurationPlatforms) = preSolution
		Debug|Any CPU = Debug|Any CPU
		Release|Any CPU = Release|Any CPU
	EndGlobalSection
	GlobalSection(ProjectConfigurationPlatforms) = postSolution
		{6E23483E-608A-7B3A-CDD9-8E76C8E59601}.Debug|Any CPU.ActiveCfg = Debug|Any CPU
		{6E23483E-608A-7B3A-CDD9-8E76C8E59601}.Debug|Any CPU.Build.0 = Debug|Any CPU
		{6E23483E-608A-7B3A-CDD9-8E76C8E59601}.Release|Any CPU.ActiveCfg = Release|Any CPU
		{6E23483E-608A-7B3A-CDD9-8E76C8E59601}.Release|Any CPU.Build.0 = Release|Any CPU
		{FDC3D848-7319-3EE9-72A3-72E67947CEE9}.Debug|Any CPU.ActiveCfg = Debug|Any CPU
		{FDC3D848-7319-3EE9-72A3-72E67947CEE9}.Debug|Any CPU.Build.0 = Debug|Any CPU
		{FDC3D848-7319-3EE9-72A3-72E67947CEE9}.Release|Any CPU.ActiveCfg = Release|Any CPU
		{FDC3D848-7319-3EE9-72A3-72E67947CEE9}.Release|Any CPU.Build.0 = Release|Any CPU
		{B7E8FA38-787E-5DB7-3797-317BE6415C8C}.Debug|Any CPU.ActiveCfg = Debug|Any CPU
		{B7E8FA38-787E-5DB7-3797-317BE6415C8C}.Debug|Any CPU.Build.0 = Debug|Any CPU
		{B7E8FA38-787E-5DB7-3797-317BE6415C8C}.Release|Any CPU.ActiveCfg = Release|Any CPU
		{B7E8FA38-787E-5DB7-3797-317BE6415C8C}.Release|Any CPU.Build.0 = Release|Any CPU
		{892A7A5A-714C-CA1F-EEBB-6E67F593B214}.Debug|Any CPU.ActiveCfg = Debug|Any CPU
		{892A7A5A-714C-CA1F-EEBB-6E67F593B214}.Debug|Any CPU.Build.0 = Debug|Any CPU
		{892A7A5A-714C-CA1F-EEBB-6E67F593B214}.Release|Any CPU.ActiveCfg = Release|Any CPU
		{892A7A5A-714C-CA1F-EEBB-6E67F593B214}.Release|Any CPU.Build.0 = Release|Any CPU
	EndGlobalSection
	GlobalSection(SolutionProperties) = preSolution
		HideSolutionNode = FALSE
	EndGlobalSection
EndGlobal
